
Microsoft Visual Studio Solution File, Format Version 12.00
# Visual Studio Version 17
VisualStudioVersion = 17.3.32825.248
MinimumVisualStudioVersion = 10.0.40219.1
Project("{FAE04EC0-301F-11D3-BF4B-00C04F79EFBC}") = "nädal9II", "nädal9II\nädal9II.csproj", "{D962FB90-17AA-4ACF-BBD1-04EAE0566231}"
EndProject
Global
	GlobalSection(SolutionConfigurationPlatforms) = preSolution
		Debug|Any CPU = Debug|Any CPU
		Release|Any CPU = Release|Any CPU
	EndGlobalSection
	GlobalSection(ProjectConfigurationPlatforms) = postSolution
		{D962FB90-17AA-4ACF-BBD1-04EAE0566231}.Debug|Any CPU.ActiveCfg = Debug|Any CPU
		{D962FB90-17AA-4ACF-BBD1-04EAE0566231}.Debug|Any CPU.Build.0 = Debug|Any CPU
		{D962FB90-17AA-4ACF-BBD1-04EAE0566231}.Release|Any CPU.ActiveCfg = Release|Any CPU
		{D962FB90-17AA-4ACF-BBD1-04EAE0566231}.Release|Any CPU.Build.0 = Release|Any CPU
	EndGlobalSection
	GlobalSection(SolutionProperties) = preSolution
		HideSolutionNode = FALSE
	EndGlobalSection
	GlobalSection(ExtensibilityGlobals) = postSolution
		SolutionGuid = {FF1F1F3C-AC6B-4AAD-9885-FACC683CD18F}
	EndGlobalSection
EndGlobal
